
Microsoft Visual Studio Solution File, Format Version 12.00
# Visual Studio Version 16
VisualStudioVersion = 16.0.30204.135
MinimumVisualStudioVersion = 10.0.40219.1
Project("{9A19103F-16F7-4668-BE54-9A1E7A4F7556}") = "RichBrains.Data", "RichBrains.Data\RichBrains.Data.csproj", "{9D8BD337-E390-412C-A6E2-CB3869215700}"
EndProject
Project("{9A19103F-16F7-4668-BE54-9A1E7A4F7556}") = "RichBrains.Logic", "RichBrains.Logic\RichBrains.Logic.csproj", "{76C9C0AC-77E6-4F2C-BE03-B55FC2F914CB}"
EndProject
Project("{9A19103F-16F7-4668-BE54-9A1E7A4F7556}") = "RichBrains.Web", "RichBrains.Web\RichBrains.Web.csproj", "{DCA932EE-FD71-4672-B281-6B8EFBAA708C}"
EndProject
Project("{FAE04EC0-301F-11D3-BF4B-00C04F79EFBC}") = "RichBrains.Auth", "RichBrains.Auth\RichBrains.Auth.csproj", "{331C3622-4F38-4F06-92A0-A8A5F3C389A2}"
EndProject
Global
	GlobalSection(SolutionConfigurationPlatforms) = preSolution
		Debug|Any CPU = Debug|Any CPU
		Release|Any CPU = Release|Any CPU
	EndGlobalSection
	GlobalSection(ProjectConfigurationPlatforms) = postSolution
		{9D8BD337-E390-412C-A6E2-CB3869215700}.Debug|Any CPU.ActiveCfg = Debug|Any CPU
		{9D8BD337-E390-412C-A6E2-CB3869215700}.Debug|Any CPU.Build.0 = Debug|Any CPU
		{9D8BD337-E390-412C-A6E2-CB3869215700}.Release|Any CPU.ActiveCfg = Release|Any CPU
		{9D8BD337-E390-412C-A6E2-CB3869215700}.Release|Any CPU.Build.0 = Release|Any CPU
		{76C9C0AC-77E6-4F2C-BE03-B55FC2F914CB}.Debug|Any CPU.ActiveCfg = Debug|Any CPU
		{76C9C0AC-77E6-4F2C-BE03-B55FC2F914CB}.Debug|Any CPU.Build.0 = Debug|Any CPU
		{76C9C0AC-77E6-4F2C-BE03-B55FC2F914CB}.Release|Any CPU.ActiveCfg = Release|Any CPU
		{76C9C0AC-77E6-4F2C-BE03-B55FC2F914CB}.Release|Any CPU.Build.0 = Release|Any CPU
		{DCA932EE-FD71-4672-B281-6B8EFBAA708C}.Debug|Any CPU.ActiveCfg = Debug|Any CPU
		{DCA932EE-FD71-4672-B281-6B8EFBAA708C}.Debug|Any CPU.Build.0 = Debug|Any CPU
		{DCA932EE-FD71-4672-B281-6B8EFBAA708C}.Release|Any CPU.ActiveCfg = Release|Any CPU
		{DCA932EE-FD71-4672-B281-6B8EFBAA708C}.Release|Any CPU.Build.0 = Release|Any CPU
		{331C3622-4F38-4F06-92A0-A8A5F3C389A2}.Debug|Any CPU.ActiveCfg = Debug|Any CPU
		{331C3622-4F38-4F06-92A0-A8A5F3C389A2}.Debug|Any CPU.Build.0 = Debug|Any CPU
		{331C3622-4F38-4F06-92A0-A8A5F3C389A2}.Release|Any CPU.ActiveCfg = Release|Any CPU
		{331C3622-4F38-4F06-92A0-A8A5F3C389A2}.Release|Any CPU.Build.0 = Release|Any CPU
	EndGlobalSection
	GlobalSection(SolutionProperties) = preSolution
		HideSolutionNode = FALSE
	EndGlobalSection
	GlobalSection(ExtensibilityGlobals) = postSolution
		SolutionGuid = {570BA3CE-390A-44B7-8B80-D57EBE83593E}
	EndGlobalSection
EndGlobal
